
Microsoft Visual Studio Solution File, Format Version 12.00
# Visual Studio Version 16
VisualStudioVersion = 16.0.30225.117
MinimumVisualStudioVersion = 10.0.40219.1
Project("{8BC9CEB8-8B4A-11D0-8D11-00A0C91BC942}") = "StructTypeDef", "StructTypeDef.vcxproj", "{EC98D9F3-5A1F-43D2-83C7-8EC50801690E}"
EndProject
Global
	GlobalSection(SolutionConfigurationPlatforms) = preSolution
		Debug|x64 = Debug|x64
		Debug|x86 = Debug|x86
		Release|x64 = Release|x64
		Release|x86 = Release|x86
	EndGlobalSection
	GlobalSection(ProjectConfigurationPlatforms) = postSolution
		{EC98D9F3-5A1F-43D2-83C7-8EC50801690E}.Debug|x64.ActiveCfg = Debug|x64
		{EC98D9F3-5A1F-43D2-83C7-8EC50801690E}.Debug|x64.Build.0 = Debug|x64
		{EC98D9F3-5A1F-43D2-83C7-8EC50801690E}.Debug|x86.ActiveCfg = Debug|Win32
		{EC98D9F3-5A1F-43D2-83C7-8EC50801690E}.Debug|x86.Build.0 = Debug|Win32
		{EC98D9F3-5A1F-43D2-83C7-8EC50801690E}.Release|x64.ActiveCfg = Release|x64
		{EC98D9F3-5A1F-43D2-83C7-8EC50801690E}.Release|x64.Build.0 = Release|x64
		{EC98D9F3-5A1F-43D2-83C7-8EC50801690E}.Release|x86.ActiveCfg = Release|Win32
		{EC98D9F3-5A1F-43D2-83C7-8EC50801690E}.Release|x86.Build.0 = Release|Win32
	EndGlobalSection
	GlobalSection(SolutionProperties) = preSolution
		HideSolutionNode = FALSE
	EndGlobalSection
	GlobalSection(ExtensibilityGlobals) = postSolution
		SolutionGuid = {F2C37D42-7013-41E3-BCA7-80634711979D}
	EndGlobalSection
EndGlobal
