
Microsoft Visual Studio Solution File, Format Version 12.00
# Visual Studio Version 16
VisualStudioVersion = 16.0.30225.117
MinimumVisualStudioVersion = 10.0.40219.1
Project("{FAE04EC0-301F-11D3-BF4B-00C04F79EFBC}") = "Course", "Course\Course.csproj", "{92ABBEC3-2118-48D0-B93D-8561F6171E14}"
EndProject
Global
	GlobalSection(SolutionConfigurationPlatforms) = preSolution
		Debug|Any CPU = Debug|Any CPU
		Release|Any CPU = Release|Any CPU
	EndGlobalSection
	GlobalSection(ProjectConfigurationPlatforms) = postSolution
		{92ABBEC3-2118-48D0-B93D-8561F6171E14}.Debug|Any CPU.ActiveCfg = Debug|Any CPU
		{92ABBEC3-2118-48D0-B93D-8561F6171E14}.Debug|Any CPU.Build.0 = Debug|Any CPU
		{92ABBEC3-2118-48D0-B93D-8561F6171E14}.Release|Any CPU.ActiveCfg = Release|Any CPU
		{92ABBEC3-2118-48D0-B93D-8561F6171E14}.Release|Any CPU.Build.0 = Release|Any CPU
	EndGlobalSection
	GlobalSection(SolutionProperties) = preSolution
		HideSolutionNode = FALSE
	EndGlobalSection
	GlobalSection(ExtensibilityGlobals) = postSolution
		SolutionGuid = {D7731927-88DC-415F-8147-2DA96086DE3C}
	EndGlobalSection
EndGlobal
